
Microsoft Visual Studio Solution File, Format Version 12.00
# Visual Studio Version 16
VisualStudioVersion = 16.0.29728.190
MinimumVisualStudioVersion = 10.0.40219.1
Project("{FAE04EC0-301F-11D3-BF4B-00C04F79EFBC}") = "photoOrder", "photoOrder\photoOrder.csproj", "{CEF9A751-B18D-4FAC-9C31-CF62E0DF52BE}"
EndProject
Global
	GlobalSection(SolutionConfigurationPlatforms) = preSolution
		Debug|Any CPU = Debug|Any CPU
		Release|Any CPU = Release|Any CPU
	EndGlobalSection
	GlobalSection(ProjectConfigurationPlatforms) = postSolution
		{CEF9A751-B18D-4FAC-9C31-CF62E0DF52BE}.Debug|Any CPU.ActiveCfg = Debug|Any CPU
		{CEF9A751-B18D-4FAC-9C31-CF62E0DF52BE}.Debug|Any CPU.Build.0 = Debug|Any CPU
		{CEF9A751-B18D-4FAC-9C31-CF62E0DF52BE}.Release|Any CPU.ActiveCfg = Release|Any CPU
		{CEF9A751-B18D-4FAC-9C31-CF62E0DF52BE}.Release|Any CPU.Build.0 = Release|Any CPU
	EndGlobalSection
	GlobalSection(SolutionProperties) = preSolution
		HideSolutionNode = FALSE
	EndGlobalSection
	GlobalSection(ExtensibilityGlobals) = postSolution
		SolutionGuid = {E72BC29C-12BF-43E8-8C19-57A3AA93520A}
	EndGlobalSection
EndGlobal
